{
  "version": 4,
  "terraform_version": "0.13.5",
  "serial": 805,
  "lineage": "20a800b8-4d38-b485-db3d-e51bbd00d7d0",
  "outputs": {
    "api_url": {
      "value": {
        "name": "https://fkk806i15d.execute-api.us-east-2.amazonaws.com/prod"
      },
      "type": [
        "object",
        {
          "name": "string"
        }
      ]
    }
  },
  "resources": [
    {
      "mode": "data",
      "type": "null_data_source",
      "name": "wait_requirments_zip",
      "provider": "provider[\"registry.terraform.io/hashicorp/null\"]",
      "instances": [
        {
          "schema_version": 0,
          "attributes": {
            "has_computed_default": "default",
            "id": "static",
            "inputs": {
              "build_id": "3529060390690247658",
              "zip_dir": "/tmp/pfmanager-api_req.zip"
            },
            "outputs": {
              "build_id": "3529060390690247658",
              "zip_dir": "/tmp/pfmanager-api_req.zip"
            },
            "random": "4180678277718255960"
          }
        }
      ]
    },
    {
      "mode": "data",
      "type": "null_data_source",
      "name": "wait_src_zip",
      "provider": "provider[\"registry.terraform.io/hashicorp/null\"]",
      "instances": [
        {
          "schema_version": 0,
          "attributes": {
            "has_computed_default": "default",
            "id": "static",
            "inputs": {
              "build_id": "6860794025411318796",
              "zip_dir": "/tmp/pfmanager-api_src.zip"
            },
            "outputs": {
              "build_id": "6860794025411318796",
              "zip_dir": "/tmp/pfmanager-api_src.zip"
            },
            "random": "2574438800356167650"
          }
        }
      ]
    },
    {
      "mode": "data",
      "type": "template_file",
      "name": "integration_request",
      "provider": "provider[\"registry.terraform.io/hashicorp/template\"]",
      "instances": [
        {
          "schema_version": 0,
          "attributes": {
            "filename": null,
            "id": "0736d38ce1f57c8ce88cf65694c209dcdb7f18049e524c420afea7ddcdbb8d19",
            "rendered": "##  See http://docs.aws.amazon.com/apigateway/latest/developerguide/api-gateway-mapping-template-reference.html\n##  This template will pass through all parameters including path, querystring, header, stage variables, and context through to the integration endpoint via the body/payload\n#set($allParams = $input.params())\n{\n\"body-json\" : $input.json('$'),\n\"params\" : {\n#foreach($type in $allParams.keySet())\n    #set($params = $allParams.get($type))\n\"$type\" : {\n    #foreach($paramName in $params.keySet())\n    \"$paramName\" : \"$util.escapeJavaScript($params.get($paramName))\"\n        #if($foreach.hasNext),#end\n    #end\n}\n    #if($foreach.hasNext),#end\n#end\n},\n\"stage-variables\" : {\n#foreach($key in $stageVariables.keySet())\n\"$key\" : \"$util.escapeJavaScript($stageVariables.get($key))\"\n    #if($foreach.hasNext),#end\n#end\n},\n\"context\" : {\n    \"account-id\" : \"$context.identity.accountId\",\n    \"api-id\" : \"$context.apiId\",\n    \"api-key\" : \"$context.identity.apiKey\",\n    \"authorizer-principal-id\" : \"$context.authorizer.principalId\",\n    \"caller\" : \"$context.identity.caller\",\n    \"cognito-authentication-provider\" : \"$context.identity.cognitoAuthenticationProvider\",\n    \"cognito-authentication-type\" : \"$context.identity.cognitoAuthenticationType\",\n    \"cognito-identity-id\" : \"$context.identity.cognitoIdentityId\",\n    \"cognito-identity-pool-id\" : \"$context.identity.cognitoIdentityPoolId\",\n    \"http-method\" : \"$context.httpMethod\",\n    \"stage\" : \"$context.stage\",\n    \"source-ip\" : \"$context.identity.sourceIp\",\n    \"user\" : \"$context.identity.user\",\n    \"user-agent\" : \"$context.identity.userAgent\",\n    \"user-arn\" : \"$context.identity.userArn\",\n    \"request-id\" : \"$context.requestId\",\n    \"resource-id\" : \"$context.resourceId\",\n    \"resource-path\" : \"$context.resourcePath\"\n    }\n}",
            "template": "##  See http://docs.aws.amazon.com/apigateway/latest/developerguide/api-gateway-mapping-template-reference.html\n##  This template will pass through all parameters including path, querystring, header, stage variables, and context through to the integration endpoint via the body/payload\n#set($allParams = $input.params())\n{\n\"body-json\" : $input.json('$'),\n\"params\" : {\n#foreach($type in $allParams.keySet())\n    #set($params = $allParams.get($type))\n\"$type\" : {\n    #foreach($paramName in $params.keySet())\n    \"$paramName\" : \"$util.escapeJavaScript($params.get($paramName))\"\n        #if($foreach.hasNext),#end\n    #end\n}\n    #if($foreach.hasNext),#end\n#end\n},\n\"stage-variables\" : {\n#foreach($key in $stageVariables.keySet())\n\"$key\" : \"$util.escapeJavaScript($stageVariables.get($key))\"\n    #if($foreach.hasNext),#end\n#end\n},\n\"context\" : {\n    \"account-id\" : \"$context.identity.accountId\",\n    \"api-id\" : \"$context.apiId\",\n    \"api-key\" : \"$context.identity.apiKey\",\n    \"authorizer-principal-id\" : \"$context.authorizer.principalId\",\n    \"caller\" : \"$context.identity.caller\",\n    \"cognito-authentication-provider\" : \"$context.identity.cognitoAuthenticationProvider\",\n    \"cognito-authentication-type\" : \"$context.identity.cognitoAuthenticationType\",\n    \"cognito-identity-id\" : \"$context.identity.cognitoIdentityId\",\n    \"cognito-identity-pool-id\" : \"$context.identity.cognitoIdentityPoolId\",\n    \"http-method\" : \"$context.httpMethod\",\n    \"stage\" : \"$context.stage\",\n    \"source-ip\" : \"$context.identity.sourceIp\",\n    \"user\" : \"$context.identity.user\",\n    \"user-agent\" : \"$context.identity.userAgent\",\n    \"user-arn\" : \"$context.identity.userArn\",\n    \"request-id\" : \"$context.requestId\",\n    \"resource-id\" : \"$context.resourceId\",\n    \"resource-path\" : \"$context.resourcePath\"\n    }\n}",
            "vars": null
          }
        }
      ]
    },
    {
      "mode": "data",
      "type": "template_file",
      "name": "lambda_assume_policy",
      "provider": "provider[\"registry.terraform.io/hashicorp/template\"]",
      "instances": [
        {
          "schema_version": 0,
          "attributes": {
            "filename": null,
            "id": "53aed74784fdb8afdab1ac61ea94478eabf17dcf6f12e0b4a001c3b875bd0cf1",
            "rendered": "{\n    \"Version\": \"2012-10-17\",\n    \"Statement\": [\n        {\n        \"Action\": \"sts:AssumeRole\",\n        \"Principal\": {\n            \"Service\": \"lambda.amazonaws.com\"\n        },\n        \"Effect\": \"Allow\",\n        \"Sid\": \"\"\n        }\n    ]\n}",
            "template": "{\n    \"Version\": \"2012-10-17\",\n    \"Statement\": [\n        {\n        \"Action\": \"sts:AssumeRole\",\n        \"Principal\": {\n            \"Service\": \"lambda.amazonaws.com\"\n        },\n        \"Effect\": \"Allow\",\n        \"Sid\": \"\"\n        }\n    ]\n}",
            "vars": null
          }
        }
      ]
    },
    {
      "mode": "data",
      "type": "template_file",
      "name": "lambda_operational_policy",
      "provider": "provider[\"registry.terraform.io/hashicorp/template\"]",
      "instances": [
        {
          "schema_version": 0,
          "attributes": {
            "filename": null,
            "id": "65d510859693c8e2d860539e21d60d2f13ffcda867dadc3fac64b33d810fcb55",
            "rendered": "{\n    \"Version\": \"2012-10-17\",\n    \"Statement\": [\n        {\n            \"Sid\": \"AssetsCollectorOperationalPolicy\",\n            \"Action\": [\n                \"dynamodb:GetItem\",\n                \"dynamodb:Query\",\n                \"dynamodb:Scan\"\n            ],\n            \"Effect\": \"Allow\",\n            \"Resource\": \"*\"\n        }\n    ]\n}",
            "template": "{\n    \"Version\": \"2012-10-17\",\n    \"Statement\": [\n        {\n            \"Sid\": \"AssetsCollectorOperationalPolicy\",\n            \"Action\": [\n                \"dynamodb:GetItem\",\n                \"dynamodb:Query\",\n                \"dynamodb:Scan\"\n            ],\n            \"Effect\": \"Allow\",\n            \"Resource\": \"*\"\n        }\n    ]\n}",
            "vars": null
          }
        }
      ]
    },
    {
      "mode": "data",
      "type": "terraform_remote_state",
      "name": "app",
      "provider": "provider[\"terraform.io/builtin/terraform\"]",
      "instances": [
        {
          "schema_version": 0,
          "attributes": {
            "backend": "local",
            "config": {
              "value": {
                "path": "../../app/infra/terraform.tfstate"
              },
              "type": [
                "object",
                {
                  "path": "string"
                }
              ]
            },
            "defaults": null,
            "outputs": {
              "value": {
                "dynamodb_app_table": {
                  "name": "pfmanager-app"
                }
              },
              "type": [
                "object",
                {
                  "dynamodb_app_table": [
                    "object",
                    {
                      "name": "string"
                    }
                  ]
                }
              ]
            },
            "workspace": null
          }
        }
      ]
    },
    {
      "mode": "data",
      "type": "terraform_remote_state",
      "name": "shared",
      "provider": "provider[\"terraform.io/builtin/terraform\"]",
      "instances": [
        {
          "schema_version": 0,
          "attributes": {
            "backend": "local",
            "config": {
              "value": {
                "path": "../../shared/infra/terraform.tfstate"
              },
              "type": [
                "object",
                {
                  "path": "string"
                }
              ]
            },
            "defaults": null,
            "outputs": {
              "value": {
                "lambda_layer_shared_arn": "arn:aws:lambda:us-east-2:415099068017:layer:pfmanager_shared:6"
              },
              "type": [
                "object",
                {
                  "lambda_layer_shared_arn": "string"
                }
              ]
            },
            "workspace": null
          }
        }
      ]
    },
    {
      "mode": "managed",
      "type": "aws_api_gateway_deployment",
      "name": "prod",
      "provider": "provider[\"registry.terraform.io/hashicorp/aws\"]",
      "instances": [
        {
          "schema_version": 0,
          "attributes": {
            "created_date": "2020-11-04T10:19:27Z",
            "description": "",
            "execution_arn": "arn:aws:execute-api:us-east-2:415099068017:fkk806i15d/",
            "id": "jvto8r",
            "invoke_url": "https://fkk806i15d.execute-api.us-east-2.amazonaws.com/",
            "rest_api_id": "fkk806i15d",
            "stage_description": null,
            "stage_name": null,
            "triggers": null,
            "variables": null
          },
          "private": "bnVsbA==",
          "dependencies": [
            "aws_api_gateway_integration.attach_get_lambda",
            "aws_api_gateway_method.get_portfolio",
            "aws_api_gateway_request_validator.validator",
            "aws_api_gateway_resource.v1",
            "aws_api_gateway_rest_api.api",
            "aws_iam_role.api_lambda_iar",
            "aws_lambda_function.api",
            "aws_lambda_layer_version.api_req",
            "data.null_data_source.wait_requirments_zip",
            "data.null_data_source.wait_src_zip",
            "data.template_file.integration_request",
            "data.template_file.lambda_assume_policy",
            "data.terraform_remote_state.app",
            "data.terraform_remote_state.shared",
            "null_resource.requirments_zip",
            "null_resource.src_zip"
          ]
        }
      ]
    },
    {
      "mode": "managed",
      "type": "aws_api_gateway_integration",
      "name": "attach_get_lambda",
      "provider": "provider[\"registry.terraform.io/hashicorp/aws\"]",
      "instances": [
        {
          "schema_version": 0,
          "attributes": {
            "cache_key_parameters": [],
            "cache_namespace": "5odglb",
            "connection_id": "",
            "connection_type": "INTERNET",
            "content_handling": "",
            "credentials": "",
            "http_method": "GET",
            "id": "agi-fkk806i15d-5odglb-GET",
            "integration_http_method": "POST",
            "passthrough_behavior": "WHEN_NO_MATCH",
            "request_parameters": {},
            "request_templates": {
              "application/json": "##  See http://docs.aws.amazon.com/apigateway/latest/developerguide/api-gateway-mapping-template-reference.html\n##  This template will pass through all parameters including path, querystring, header, stage variables, and context through to the integration endpoint via the body/payload\n#set($allParams = $input.params())\n{\n\"body-json\" : $input.json('$'),\n\"params\" : {\n#foreach($type in $allParams.keySet())\n    #set($params = $allParams.get($type))\n\"$type\" : {\n    #foreach($paramName in $params.keySet())\n    \"$paramName\" : \"$util.escapeJavaScript($params.get($paramName))\"\n        #if($foreach.hasNext),#end\n    #end\n}\n    #if($foreach.hasNext),#end\n#end\n},\n\"stage-variables\" : {\n#foreach($key in $stageVariables.keySet())\n\"$key\" : \"$util.escapeJavaScript($stageVariables.get($key))\"\n    #if($foreach.hasNext),#end\n#end\n},\n\"context\" : {\n    \"account-id\" : \"$context.identity.accountId\",\n    \"api-id\" : \"$context.apiId\",\n    \"api-key\" : \"$context.identity.apiKey\",\n    \"authorizer-principal-id\" : \"$context.authorizer.principalId\",\n    \"caller\" : \"$context.identity.caller\",\n    \"cognito-authentication-provider\" : \"$context.identity.cognitoAuthenticationProvider\",\n    \"cognito-authentication-type\" : \"$context.identity.cognitoAuthenticationType\",\n    \"cognito-identity-id\" : \"$context.identity.cognitoIdentityId\",\n    \"cognito-identity-pool-id\" : \"$context.identity.cognitoIdentityPoolId\",\n    \"http-method\" : \"$context.httpMethod\",\n    \"stage\" : \"$context.stage\",\n    \"source-ip\" : \"$context.identity.sourceIp\",\n    \"user\" : \"$context.identity.user\",\n    \"user-agent\" : \"$context.identity.userAgent\",\n    \"user-arn\" : \"$context.identity.userArn\",\n    \"request-id\" : \"$context.requestId\",\n    \"resource-id\" : \"$context.resourceId\",\n    \"resource-path\" : \"$context.resourcePath\"\n    }\n}"
            },
            "resource_id": "5odglb",
            "rest_api_id": "fkk806i15d",
            "timeout_milliseconds": 29000,
            "type": "AWS",
            "uri": "arn:aws:apigateway:us-east-2:lambda:path/2015-03-31/functions/arn:aws:lambda:us-east-2:415099068017:function:pfmanager-api/invocations"
          },
          "private": "bnVsbA==",
          "dependencies": [
            "aws_api_gateway_method.get_portfolio",
            "aws_api_gateway_request_validator.validator",
            "aws_api_gateway_resource.v1",
            "aws_api_gateway_rest_api.api",
            "aws_iam_role.api_lambda_iar",
            "aws_lambda_function.api",
            "aws_lambda_layer_version.api_req",
            "data.null_data_source.wait_requirments_zip",
            "data.null_data_source.wait_src_zip",
            "data.template_file.integration_request",
            "data.template_file.lambda_assume_policy",
            "data.terraform_remote_state.app",
            "data.terraform_remote_state.shared",
            "null_resource.requirments_zip",
            "null_resource.src_zip"
          ]
        }
      ]
    },
    {
      "mode": "managed",
      "type": "aws_api_gateway_integration_response",
      "name": "api_integration_response",
      "provider": "provider[\"registry.terraform.io/hashicorp/aws\"]",
      "instances": [
        {
          "schema_version": 0,
          "attributes": {
            "content_handling": "",
            "http_method": "GET",
            "id": "agir-fkk806i15d-5odglb-GET-200",
            "resource_id": "5odglb",
            "response_parameters": {
              "method.response.header.Access-Control-Allow-Headers": "'Content-Type'",
              "method.response.header.Access-Control-Allow-Methods": "'OPTIONS,POST,GET'",
              "method.response.header.Access-Control-Allow-Origin": "'*'"
            },
            "response_templates": {
              "application/json": ""
            },
            "rest_api_id": "fkk806i15d",
            "selection_pattern": "",
            "status_code": "200"
          },
          "private": "bnVsbA==",
          "dependencies": [
            "aws_api_gateway_integration.attach_get_lambda",
            "aws_api_gateway_method.get_portfolio",
            "aws_api_gateway_method_response.response_200",
            "aws_api_gateway_request_validator.validator",
            "aws_api_gateway_resource.v1",
            "aws_api_gateway_rest_api.api",
            "aws_iam_role.api_lambda_iar",
            "aws_lambda_function.api",
            "aws_lambda_layer_version.api_req",
            "data.null_data_source.wait_requirments_zip",
            "data.null_data_source.wait_src_zip",
            "data.template_file.integration_request",
            "data.template_file.lambda_assume_policy",
            "data.terraform_remote_state.app",
            "data.terraform_remote_state.shared",
            "null_resource.requirments_zip",
            "null_resource.src_zip"
          ]
        }
      ]
    },
    {
      "mode": "managed",
      "type": "aws_api_gateway_method",
      "name": "get_portfolio",
      "provider": "provider[\"registry.terraform.io/hashicorp/aws\"]",
      "instances": [
        {
          "schema_version": 0,
          "attributes": {
            "api_key_required": false,
            "authorization": "NONE",
            "authorization_scopes": [],
            "authorizer_id": "",
            "http_method": "GET",
            "id": "agm-fkk806i15d-5odglb-GET",
            "request_models": {},
            "request_parameters": {
              "method.request.querystring.name": true
            },
            "request_validator_id": "v4yhh4",
            "resource_id": "5odglb",
            "rest_api_id": "fkk806i15d"
          },
          "private": "bnVsbA==",
          "dependencies": [
            "aws_api_gateway_request_validator.validator",
            "aws_api_gateway_resource.v1",
            "aws_api_gateway_rest_api.api"
          ]
        }
      ]
    },
    {
      "mode": "managed",
      "type": "aws_api_gateway_method_response",
      "name": "response_200",
      "provider": "provider[\"registry.terraform.io/hashicorp/aws\"]",
      "instances": [
        {
          "schema_version": 0,
          "attributes": {
            "http_method": "GET",
            "id": "agmr-fkk806i15d-5odglb-GET-200",
            "resource_id": "5odglb",
            "response_models": {
              "application/json": "Empty"
            },
            "response_parameters": {
              "method.response.header.Access-Control-Allow-Headers": true,
              "method.response.header.Access-Control-Allow-Methods": true,
              "method.response.header.Access-Control-Allow-Origin": true
            },
            "rest_api_id": "fkk806i15d",
            "status_code": "200"
          },
          "private": "bnVsbA==",
          "dependencies": [
            "aws_api_gateway_method.get_portfolio",
            "aws_api_gateway_request_validator.validator",
            "aws_api_gateway_resource.v1",
            "aws_api_gateway_rest_api.api"
          ]
        }
      ]
    },
    {
      "mode": "managed",
      "type": "aws_api_gateway_request_validator",
      "name": "validator",
      "provider": "provider[\"registry.terraform.io/hashicorp/aws\"]",
      "instances": [
        {
          "schema_version": 0,
          "attributes": {
            "id": "v4yhh4",
            "name": "validator",
            "rest_api_id": "fkk806i15d",
            "validate_request_body": true,
            "validate_request_parameters": true
          },
          "private": "bnVsbA==",
          "dependencies": [
            "aws_api_gateway_rest_api.api"
          ]
        }
      ]
    },
    {
      "mode": "managed",
      "type": "aws_api_gateway_resource",
      "name": "v1",
      "provider": "provider[\"registry.terraform.io/hashicorp/aws\"]",
      "instances": [
        {
          "schema_version": 0,
          "attributes": {
            "id": "5odglb",
            "parent_id": "5qqizo0pi2",
            "path": "/v1",
            "path_part": "v1",
            "rest_api_id": "fkk806i15d"
          },
          "private": "bnVsbA==",
          "dependencies": [
            "aws_api_gateway_rest_api.api"
          ]
        }
      ]
    },
    {
      "mode": "managed",
      "type": "aws_api_gateway_rest_api",
      "name": "api",
      "provider": "provider[\"registry.terraform.io/hashicorp/aws\"]",
      "instances": [
        {
          "schema_version": 0,
          "attributes": {
            "api_key_source": "HEADER",
            "arn": "arn:aws:apigateway:us-east-2::/restapis/fkk806i15d",
            "binary_media_types": [],
            "body": null,
            "created_date": "2020-11-04T10:19:06Z",
            "description": "",
            "endpoint_configuration": [
              {
                "types": [
                  "REGIONAL"
                ],
                "vpc_endpoint_ids": []
              }
            ],
            "execution_arn": "arn:aws:execute-api:us-east-2:415099068017:fkk806i15d",
            "id": "fkk806i15d",
            "minimum_compression_size": -1,
            "name": "pfmanager-api_api",
            "policy": "",
            "root_resource_id": "5qqizo0pi2",
            "tags": {}
          },
          "private": "bnVsbA=="
        }
      ]
    },
    {
      "mode": "managed",
      "type": "aws_api_gateway_stage",
      "name": "prod",
      "provider": "provider[\"registry.terraform.io/hashicorp/aws\"]",
      "instances": [
        {
          "schema_version": 0,
          "attributes": {
            "access_log_settings": [],
            "arn": "arn:aws:apigateway:us-east-2::/restapis/fkk806i15d/stages/prod",
            "cache_cluster_enabled": false,
            "cache_cluster_size": "",
            "client_certificate_id": "",
            "deployment_id": "jvto8r",
            "description": "",
            "documentation_version": "",
            "execution_arn": "arn:aws:execute-api:us-east-2:415099068017:fkk806i15d/prod",
            "id": "ags-fkk806i15d-prod",
            "invoke_url": "https://fkk806i15d.execute-api.us-east-2.amazonaws.com/prod",
            "rest_api_id": "fkk806i15d",
            "stage_name": "prod",
            "tags": {},
            "variables": {},
            "xray_tracing_enabled": false
          },
          "private": "bnVsbA==",
          "dependencies": [
            "aws_api_gateway_deployment.prod",
            "aws_api_gateway_integration.attach_get_lambda",
            "aws_api_gateway_method.get_portfolio",
            "aws_api_gateway_request_validator.validator",
            "aws_api_gateway_resource.v1",
            "aws_api_gateway_rest_api.api",
            "aws_iam_role.api_lambda_iar",
            "aws_lambda_function.api",
            "aws_lambda_layer_version.api_req",
            "data.null_data_source.wait_requirments_zip",
            "data.null_data_source.wait_src_zip",
            "data.template_file.integration_request",
            "data.template_file.lambda_assume_policy",
            "data.terraform_remote_state.app",
            "data.terraform_remote_state.shared",
            "null_resource.requirments_zip",
            "null_resource.src_zip"
          ]
        }
      ]
    },
    {
      "mode": "managed",
      "type": "aws_iam_policy",
      "name": "api_opperational_iap",
      "provider": "provider[\"registry.terraform.io/hashicorp/aws\"]",
      "instances": [
        {
          "schema_version": 0,
          "attributes": {
            "arn": "arn:aws:iam::415099068017:policy/pfmanager-api_lambda_iap",
            "description": "Portfolio Visualizer Lambda Operational Policy",
            "id": "arn:aws:iam::415099068017:policy/pfmanager-api_lambda_iap",
            "name": "pfmanager-api_lambda_iap",
            "name_prefix": null,
            "path": "/",
            "policy": "{\n    \"Version\": \"2012-10-17\",\n    \"Statement\": [\n        {\n            \"Sid\": \"AssetsCollectorOperationalPolicy\",\n            \"Action\": [\n                \"dynamodb:GetItem\",\n                \"dynamodb:Query\",\n                \"dynamodb:Scan\"\n            ],\n            \"Effect\": \"Allow\",\n            \"Resource\": \"*\"\n        }\n    ]\n}"
          },
          "private": "bnVsbA==",
          "dependencies": [
            "data.template_file.lambda_operational_policy"
          ]
        }
      ]
    },
    {
      "mode": "managed",
      "type": "aws_iam_role",
      "name": "api_lambda_iar",
      "provider": "provider[\"registry.terraform.io/hashicorp/aws\"]",
      "instances": [
        {
          "schema_version": 0,
          "attributes": {
            "arn": "arn:aws:iam::415099068017:role/pfmanager-api_lambda_iar",
            "assume_role_policy": "{\"Version\":\"2012-10-17\",\"Statement\":[{\"Sid\":\"\",\"Effect\":\"Allow\",\"Principal\":{\"Service\":\"lambda.amazonaws.com\"},\"Action\":\"sts:AssumeRole\"}]}",
            "create_date": "2020-11-04T10:19:05Z",
            "description": "",
            "force_detach_policies": false,
            "id": "pfmanager-api_lambda_iar",
            "max_session_duration": 3600,
            "name": "pfmanager-api_lambda_iar",
            "name_prefix": null,
            "path": "/",
            "permissions_boundary": null,
            "tags": {},
            "unique_id": "AROAWBJOVDZYR4REIO75B"
          },
          "private": "bnVsbA==",
          "dependencies": [
            "data.template_file.lambda_assume_policy"
          ]
        }
      ]
    },
    {
      "mode": "managed",
      "type": "aws_iam_role_policy_attachment",
      "name": "api_attachment_1",
      "provider": "provider[\"registry.terraform.io/hashicorp/aws\"]",
      "instances": [
        {
          "schema_version": 0,
          "attributes": {
            "id": "pfmanager-api_lambda_iar-20201104101907975100000002",
            "policy_arn": "arn:aws:iam::415099068017:policy/pfmanager-api_lambda_iap",
            "role": "pfmanager-api_lambda_iar"
          },
          "private": "bnVsbA==",
          "dependencies": [
            "aws_iam_policy.api_opperational_iap",
            "aws_iam_role.api_lambda_iar",
            "data.template_file.lambda_assume_policy",
            "data.template_file.lambda_operational_policy"
          ]
        }
      ]
    },
    {
      "mode": "managed",
      "type": "aws_iam_role_policy_attachment",
      "name": "api_attachment_2",
      "provider": "provider[\"registry.terraform.io/hashicorp/aws\"]",
      "instances": [
        {
          "schema_version": 0,
          "attributes": {
            "id": "pfmanager-api_lambda_iar-20201104101907356400000001",
            "policy_arn": "arn:aws:iam::aws:policy/service-role/AWSLambdaBasicExecutionRole",
            "role": "pfmanager-api_lambda_iar"
          },
          "private": "bnVsbA==",
          "dependencies": [
            "aws_iam_role.api_lambda_iar",
            "data.template_file.lambda_assume_policy"
          ]
        }
      ]
    },
    {
      "mode": "managed",
      "type": "aws_lambda_function",
      "name": "api",
      "provider": "provider[\"registry.terraform.io/hashicorp/aws\"]",
      "instances": [
        {
          "schema_version": 0,
          "attributes": {
            "arn": "arn:aws:lambda:us-east-2:415099068017:function:pfmanager-api",
            "dead_letter_config": [],
            "description": "",
            "environment": [
              {
                "variables": {
                  "dynamodb_table": "pfmanager-app"
                }
              }
            ],
            "file_system_config": [],
            "filename": "/tmp/pfmanager-api_src.zip",
            "function_name": "pfmanager-api",
            "handler": "main.main",
            "id": "pfmanager-api",
            "invoke_arn": "arn:aws:apigateway:us-east-2:lambda:path/2015-03-31/functions/arn:aws:lambda:us-east-2:415099068017:function:pfmanager-api/invocations",
            "kms_key_arn": "",
            "last_modified": "2020-12-15T10:54:41.983+0000",
            "layers": [
              "arn:aws:lambda:us-east-2:415099068017:layer:pfmanager-api_req:1",
              "arn:aws:lambda:us-east-2:415099068017:layer:pfmanager_shared:6"
            ],
            "memory_size": 128,
            "publish": false,
            "qualified_arn": "arn:aws:lambda:us-east-2:415099068017:function:pfmanager-api:$LATEST",
            "reserved_concurrent_executions": -1,
            "role": "arn:aws:iam::415099068017:role/pfmanager-api_lambda_iar",
            "runtime": "python3.6",
            "s3_bucket": null,
            "s3_key": null,
            "s3_object_version": null,
            "source_code_hash": "kBF0pBzxgf1ALehKN2WaYxNUFhSDqAk8scqAcPmyDU0=",
            "source_code_size": 955,
            "tags": {},
            "timeout": 60,
            "timeouts": null,
            "tracing_config": [
              {
                "mode": "PassThrough"
              }
            ],
            "version": "$LATEST",
            "vpc_config": []
          },
          "private": "eyJlMmJmYjczMC1lY2FhLTExZTYtOGY4OC0zNDM2M2JjN2M0YzAiOnsiY3JlYXRlIjo2MDAwMDAwMDAwMDB9fQ==",
          "dependencies": [
            "aws_iam_role.api_lambda_iar",
            "aws_lambda_layer_version.api_req",
            "data.null_data_source.wait_src_zip",
            "data.terraform_remote_state.app",
            "data.terraform_remote_state.shared",
            "null_resource.src_zip"
          ]
        }
      ]
    },
    {
      "mode": "managed",
      "type": "aws_lambda_layer_version",
      "name": "api_req",
      "provider": "provider[\"registry.terraform.io/hashicorp/aws\"]",
      "instances": [
        {
          "schema_version": 0,
          "attributes": {
            "arn": "arn:aws:lambda:us-east-2:415099068017:layer:pfmanager-api_req:1",
            "compatible_runtimes": [
              "python3.6"
            ],
            "created_date": "2020-11-04T10:19:11.791+0000",
            "description": "",
            "filename": "/tmp/pfmanager-api_req.zip",
            "id": "arn:aws:lambda:us-east-2:415099068017:layer:pfmanager-api_req:1",
            "layer_arn": "arn:aws:lambda:us-east-2:415099068017:layer:pfmanager-api_req",
            "layer_name": "pfmanager-api_req",
            "license_info": "",
            "s3_bucket": null,
            "s3_key": null,
            "s3_object_version": null,
            "source_code_hash": "RsHyHdxsk9eRrwSBZ6Igc3zJn+3ZKMSaymc1TSkWuEs=",
            "source_code_size": 929737,
            "version": "1"
          },
          "private": "bnVsbA==",
          "dependencies": [
            "data.null_data_source.wait_requirments_zip",
            "null_resource.requirments_zip"
          ]
        }
      ]
    },
    {
      "mode": "managed",
      "type": "aws_lambda_permission",
      "name": "allow_apigateway_to_call_check_foo",
      "provider": "provider[\"registry.terraform.io/hashicorp/aws\"]",
      "instances": [
        {
          "schema_version": 0,
          "attributes": {
            "action": "lambda:InvokeFunction",
            "event_source_token": null,
            "function_name": "pfmanager-api",
            "id": "AllowExecutionFromAPIGateway",
            "principal": "apigateway.amazonaws.com",
            "qualifier": "",
            "source_account": null,
            "source_arn": "arn:aws:execute-api:us-east-2:415099068017:fkk806i15d/prod/GET/v1",
            "statement_id": "AllowExecutionFromAPIGateway",
            "statement_id_prefix": null
          },
          "private": "bnVsbA==",
          "dependencies": [
            "aws_api_gateway_deployment.prod",
            "aws_api_gateway_integration.attach_get_lambda",
            "aws_api_gateway_method.get_portfolio",
            "aws_api_gateway_request_validator.validator",
            "aws_api_gateway_resource.v1",
            "aws_api_gateway_rest_api.api",
            "aws_api_gateway_stage.prod",
            "aws_iam_role.api_lambda_iar",
            "aws_lambda_function.api",
            "aws_lambda_layer_version.api_req",
            "data.null_data_source.wait_requirments_zip",
            "data.null_data_source.wait_src_zip",
            "data.template_file.integration_request",
            "data.template_file.lambda_assume_policy",
            "data.terraform_remote_state.app",
            "data.terraform_remote_state.shared",
            "null_resource.requirments_zip",
            "null_resource.src_zip"
          ]
        }
      ]
    },
    {
      "mode": "managed",
      "type": "null_resource",
      "name": "requirments_zip",
      "provider": "provider[\"registry.terraform.io/hashicorp/null\"]",
      "instances": [
        {
          "schema_version": 0,
          "attributes": {
            "id": "3529060390690247658",
            "triggers": {
              "req_sha": "cQp43E33pTFAwy8CoLA2YVEXplvJwuNlWeywzsEtxq0="
            }
          },
          "private": "bnVsbA=="
        }
      ]
    },
    {
      "mode": "managed",
      "type": "null_resource",
      "name": "src_zip",
      "provider": "provider[\"registry.terraform.io/hashicorp/null\"]",
      "instances": [
        {
          "schema_version": 0,
          "attributes": {
            "id": "6860794025411318796",
            "triggers": {
              "src_sha": "d+Ow3zzCY0MxrX+PWvwpJDCOQQjexfKDmjdmLQgqwhg="
            }
          },
          "private": "bnVsbA=="
        }
      ]
    }
  ]
}
